
Microsoft Visual Studio Solution File, Format Version 12.00
# Visual Studio Version 16
VisualStudioVersion = 16.0.32228.343
MinimumVisualStudioVersion = 10.0.40219.1
Project("{9A19103F-16F7-4668-BE54-9A1E7A4F7556}") = "PL", "PL\PL.csproj", "{0FB5E581-A583-4283-BA28-7DA66409D2F7}"
EndProject
Project("{9A19103F-16F7-4668-BE54-9A1E7A4F7556}") = "BLL", "BLL\BLL.csproj", "{9C422252-D10F-4241-A7C2-F17B3F05EF67}"
EndProject
Project("{9A19103F-16F7-4668-BE54-9A1E7A4F7556}") = "DAL", "DAL\DAL.csproj", "{F2CF3370-974F-4DE4-878A-CDF1B7561094}"
EndProject
Project("{E24C65DC-7377-472B-9ABA-BC803B73C61A}") = "WebLayer", "WebLayer\", "{F5B4AEFA-1D96-497A-976B-38B05EE978F1}"
	ProjectSection(WebsiteProperties) = preProject
		TargetFrameworkMoniker = ".NETFramework,Version%3Dv4.0"
		Debug.AspNetCompiler.VirtualPath = "/localhost_49215"
		Debug.AspNetCompiler.PhysicalPath = "WebLayer\"
		Debug.AspNetCompiler.TargetPath = "PrecompiledWeb\localhost_49215\"
		Debug.AspNetCompiler.Updateable = "true"
		Debug.AspNetCompiler.ForceOverwrite = "true"
		Debug.AspNetCompiler.FixedNames = "false"
		Debug.AspNetCompiler.Debug = "True"
		Release.AspNetCompiler.VirtualPath = "/localhost_49215"
		Release.AspNetCompiler.PhysicalPath = "WebLayer\"
		Release.AspNetCompiler.TargetPath = "PrecompiledWeb\localhost_49215\"
		Release.AspNetCompiler.Updateable = "true"
		Release.AspNetCompiler.ForceOverwrite = "true"
		Release.AspNetCompiler.FixedNames = "false"
		Release.AspNetCompiler.Debug = "False"
		VWDPort = "49215"
		SlnRelativePath = "WebLayer\"
	EndProjectSection
EndProject
Project("{FAE04EC0-301F-11D3-BF4B-00C04F79EFBC}") = "Tests", "Tests\Tests.csproj", "{EAF48D27-963A-4DE7-8650-BDCC052395BF}"
EndProject
Global
	GlobalSection(SolutionConfigurationPlatforms) = preSolution
		Debug|Any CPU = Debug|Any CPU
		Release|Any CPU = Release|Any CPU
	EndGlobalSection
	GlobalSection(ProjectConfigurationPlatforms) = postSolution
		{0FB5E581-A583-4283-BA28-7DA66409D2F7}.Debug|Any CPU.ActiveCfg = Debug|Any CPU
		{0FB5E581-A583-4283-BA28-7DA66409D2F7}.Debug|Any CPU.Build.0 = Debug|Any CPU
		{0FB5E581-A583-4283-BA28-7DA66409D2F7}.Release|Any CPU.ActiveCfg = Release|Any CPU
		{0FB5E581-A583-4283-BA28-7DA66409D2F7}.Release|Any CPU.Build.0 = Release|Any CPU
		{9C422252-D10F-4241-A7C2-F17B3F05EF67}.Debug|Any CPU.ActiveCfg = Debug|Any CPU
		{9C422252-D10F-4241-A7C2-F17B3F05EF67}.Debug|Any CPU.Build.0 = Debug|Any CPU
		{9C422252-D10F-4241-A7C2-F17B3F05EF67}.Release|Any CPU.ActiveCfg = Release|Any CPU
		{9C422252-D10F-4241-A7C2-F17B3F05EF67}.Release|Any CPU.Build.0 = Release|Any CPU
		{F2CF3370-974F-4DE4-878A-CDF1B7561094}.Debug|Any CPU.ActiveCfg = Debug|Any CPU
		{F2CF3370-974F-4DE4-878A-CDF1B7561094}.Debug|Any CPU.Build.0 = Debug|Any CPU
		{F2CF3370-974F-4DE4-878A-CDF1B7561094}.Release|Any CPU.ActiveCfg = Release|Any CPU
		{F2CF3370-974F-4DE4-878A-CDF1B7561094}.Release|Any CPU.Build.0 = Release|Any CPU
		{F5B4AEFA-1D96-497A-976B-38B05EE978F1}.Debug|Any CPU.ActiveCfg = Debug|Any CPU
		{F5B4AEFA-1D96-497A-976B-38B05EE978F1}.Debug|Any CPU.Build.0 = Debug|Any CPU
		{F5B4AEFA-1D96-497A-976B-38B05EE978F1}.Release|Any CPU.ActiveCfg = Debug|Any CPU
		{F5B4AEFA-1D96-497A-976B-38B05EE978F1}.Release|Any CPU.Build.0 = Debug|Any CPU
		{EAF48D27-963A-4DE7-8650-BDCC052395BF}.Debug|Any CPU.ActiveCfg = Debug|Any CPU
		{EAF48D27-963A-4DE7-8650-BDCC052395BF}.Debug|Any CPU.Build.0 = Debug|Any CPU
		{EAF48D27-963A-4DE7-8650-BDCC052395BF}.Release|Any CPU.ActiveCfg = Release|Any CPU
		{EAF48D27-963A-4DE7-8650-BDCC052395BF}.Release|Any CPU.Build.0 = Release|Any CPU
	EndGlobalSection
	GlobalSection(SolutionProperties) = preSolution
		HideSolutionNode = FALSE
	EndGlobalSection
	GlobalSection(ExtensibilityGlobals) = postSolution
		SolutionGuid = {2AA0A144-B318-4BF1-AACC-7EA96E699919}
	EndGlobalSection
EndGlobal
